<?xml version="1.0" encoding="utf-8"?>
<Project ToolsVersion="4.0" xmlns="http://schemas.microsoft.com/developer/msbuild/2003">
  <ItemGroup>
    <Filter Include="Исходные файлы">
      <UniqueIdentifier>{4FC737F1-C7A5-4376-A066-2A32D752A2FF}</UniqueIdentifier>
      <Extensions>cpp;c;cc;cxx;c++;cppm;ixx;def;odl;idl;hpj;bat;asm;asmx</Extensions>
    </Filter>
    <Filter Include="Файлы заголовков">
      <UniqueIdentifier>{93995380-89BD-4b04-88EB-625FBE52EBFB}</UniqueIdentifier>
      <Extensions>h;hh;hpp;hxx;h++;hm;inl;inc;ipp;xsd</Extensions>
    </Filter>
    <Filter Include="Файлы ресурсов">
      <UniqueIdentifier>{67DA6AB6-F800-4c08-8B7A-83BB121AAD01}</UniqueIdentifier>
      <Extensions>rc;ico;cur;bmp;dlg;rc2;rct;bin;rgs;gif;jpg;jpeg;jpe;resx;tiff;tif;png;wav;mfcribbon-ms</Extensions>
    </Filter>
    <Filter Include="Файлы заголовков\interfaces">
      <UniqueIdentifier>{bd502c93-e357-4e93-acf6-dbd5f1842b8d}</UniqueIdentifier>
    </Filter>
    <Filter Include="Файлы заголовков\auxiliry">
      <UniqueIdentifier>{a39869bb-daec-4eb5-9941-5d3795b6311b}</UniqueIdentifier>
    </Filter>
    <Filter Include="Файлы заголовков\main">
      <UniqueIdentifier>{a7fe193b-ee5a-478f-92cf-e1f5d490796c}</UniqueIdentifier>
    </Filter>
  </ItemGroup>
  <ItemGroup>
    <ClInclude Include="ForwardList.hpp">
      <Filter>Файлы заголовков\auxiliry</Filter>
    </ClInclude>
    <ClInclude Include="RankPairingQueue.hpp">
      <Filter>Файлы заголовков\main</Filter>
    </ClInclude>
    <ClInclude Include="Detail.hpp">
      <Filter>Файлы заголовков\main</Filter>
    </ClInclude>
    <ClInclude Include="RankedBinaryTree.hpp">
      <Filter>Файлы заголовков\auxiliry</Filter>
    </ClInclude>
    <ClInclude Include="RankedBinaryHalfTreeRoot.hpp">
      <Filter>Файлы заголовков\main</Filter>
    </ClInclude>
  </ItemGroup>
  <ItemGroup>
    <ClCompile Include="TestForwardList.cpp">
      <Filter>Исходные файлы</Filter>
    </ClCompile>
    <ClCompile Include="TestRankedBinaryTree.cpp">
      <Filter>Исходные файлы</Filter>
    </ClCompile>
    <ClCompile Include="Detail.cpp">
      <Filter>Исходные файлы</Filter>
    </ClCompile>
    <ClCompile Include="ForwardList.cpp">
      <Filter>Исходные файлы</Filter>
    </ClCompile>
    <ClCompile Include="RankedBinaryTree.cpp">
      <Filter>Исходные файлы</Filter>
    </ClCompile>
  </ItemGroup>
</Project>